{
  "version": 4,
  "terraform_version": "1.0.1",
  "serial": 24,
  "lineage": "84777d95-5364-1f24-24cd-37d80165f933",
  "outputs": {},
  "resources": [
    {
      "mode": "managed",
      "type": "scaleway_k8s_cluster",
      "name": "captain",
      "provider": "provider[\"registry.terraform.io/scaleway/scaleway\"]",
      "instances": [
        {
          "schema_version": 0,
          "attributes": {
            "admission_plugins": [],
            "apiserver_cert_sans": [],
            "apiserver_url": "https://422b8129-5381-4b2e-8fe7-e3316f9a12b0.api.k8s.nl-ams.scw.cloud:6443",
            "auto_upgrade": [
              {
                "enable": false,
                "maintenance_window_day": "any",
                "maintenance_window_start_hour": 0
              }
            ],
            "autoscaler_config": [
              {
                "balance_similar_node_groups": false,
                "disable_scale_down": false,
                "estimator": "binpacking",
                "expander": "random",
                "expendable_pods_priority_cutoff": 0,
                "ignore_daemonsets_utilization": false,
                "max_graceful_termination_sec": 0,
                "scale_down_delay_after_add": "10m",
                "scale_down_unneeded_time": "10m",
                "scale_down_utilization_threshold": 0.5
              }
            ],
            "cni": "cilium",
            "created_at": "2021-07-18T14:06:45Z",
            "delete_additional_resources": false,
            "description": "",
            "feature_gates": [],
            "id": "nl-ams/422b8129-5381-4b2e-8fe7-e3316f9a12b0",
            "kubeconfig": [
              {
                "cluster_ca_certificate": "LS0tLS1CRUdJTiBDRVJUSUZJQ0FURS0tLS0tCk1JSUM1ekNDQWMrZ0F3SUJBZ0lCQURBTkJna3Foa2lHOXcwQkFRc0ZBREFWTVJNd0VRWURWUVFERXdwcmRXSmwKY201bGRHVnpNQjRYRFRJeE1EY3hOekUwTURZME5Wb1hEVE14TURjeE56RTBNRFkwTlZvd0ZURVRNQkVHQTFVRQpBeE1LYTNWaVpYSnVaWFJsY3pDQ0FTSXdEUVlKS29aSWh2Y05BUUVCQlFBRGdnRVBBRENDQVFvQ2dnRUJBTFBzClRTS1BVZUNvL3ZMaVZsN0FWYnA4aWs4VkFxUXJLRCtjZHlYQTBzSUNuZ3pZZEltMHBtZHcyQmhWS2lqTy9hdlMKMzU2Vnc2ZDkvUFBGN1VXeTZGUG5ldERidVFKaEhjRXBaTUlGbnlxMlVGQzdabWpIVXFKbzBKZzhWVFlscVA2cgpHVkViaHVLYWRGVkptbTVxODExMVNEZmVVVXhrK1JmQWhWZk9ZeW1Ga2l5cnNjbnRtbXFmcllsZ3RFL2Jlb3JVCllTSHp6RzdiVTZDYlFKeFJuRlhEU2IzRlpSQ2k1ejMwZ3JmREIyRzR3TkYzSVZwS0xmTTh2S3ltQzRSR00xZ0UKb1RJSFJudUk5UU0vZkdUYVNkR2loNXQvOU5BcTcxamtZT0RLMVhTSWhNencwbEZpamFrQXhQSHZiUEs3NENBawpqcXlRZ2VwUko4MitRNWd6Ymw4Q0F3RUFBYU5DTUVBd0RnWURWUjBQQVFIL0JBUURBZ0trTUE4R0ExVWRFd0VCCi93UUZNQU1CQWY4d0hRWURWUjBPQkJZRUZHMWRCV05nVUFBVDJjNGNoaDlTMTQrRTY3dGxNQTBHQ1NxR1NJYjMKRFFFQkN3VUFBNElCQVFDSlNzRmNJNXoxd3lqUWp5QnNqd0hIM2FyWWhBaHc4aWdHUFlMZEFlK0ZQbTJURVVOdgpSY3pja1V3M0hlWEd1STlyMnVUUW9TY29KbUxoSDMrc21ERUxJK2M0cDl6bkM4Z0YrNTQ1ZGo1dlFvU2lBZERkCjZXK0taOGo2RWl1RGxWN1RxLzE4V3p2Z1ZCdHpMbnpJeFJSYzc5Nk4waG9YcnQ0YlAyeG1iUEM0SDljbWM5WjQKNnhJT2k2MHlkMFVrdnVVNDdFSlNlT0N1ejJxYnZCOGlDamhvVlQ2THdYL0hmdGlnaVJqQ05udklHOXZwRjJmeQpycWE4amYwSURLY3NQWCswNDhBdTc3QVpRYzFCRnpIbnRlMHlPd0k3Q0c3K2I3UHNLK004b2VWaXNhTDVacFluCitsV2o2allQTi94WERCdVFLWXhqTDdRUjl3OXJkMmx6WEZOWAotLS0tLUVORCBDRVJUSUZJQ0FURS0tLS0tCg==",
                "config_file": "apiVersion: v1\nclusters:\n- name: \"captain\"\n  cluster:\n    certificate-authority-data: LS0tLS1CRUdJTiBDRVJUSUZJQ0FURS0tLS0tCk1JSUM1ekNDQWMrZ0F3SUJBZ0lCQURBTkJna3Foa2lHOXcwQkFRc0ZBREFWTVJNd0VRWURWUVFERXdwcmRXSmwKY201bGRHVnpNQjRYRFRJeE1EY3hOekUwTURZME5Wb1hEVE14TURjeE56RTBNRFkwTlZvd0ZURVRNQkVHQTFVRQpBeE1LYTNWaVpYSnVaWFJsY3pDQ0FTSXdEUVlKS29aSWh2Y05BUUVCQlFBRGdnRVBBRENDQVFvQ2dnRUJBTFBzClRTS1BVZUNvL3ZMaVZsN0FWYnA4aWs4VkFxUXJLRCtjZHlYQTBzSUNuZ3pZZEltMHBtZHcyQmhWS2lqTy9hdlMKMzU2Vnc2ZDkvUFBGN1VXeTZGUG5ldERidVFKaEhjRXBaTUlGbnlxMlVGQzdabWpIVXFKbzBKZzhWVFlscVA2cgpHVkViaHVLYWRGVkptbTVxODExMVNEZmVVVXhrK1JmQWhWZk9ZeW1Ga2l5cnNjbnRtbXFmcllsZ3RFL2Jlb3JVCllTSHp6RzdiVTZDYlFKeFJuRlhEU2IzRlpSQ2k1ejMwZ3JmREIyRzR3TkYzSVZwS0xmTTh2S3ltQzRSR00xZ0UKb1RJSFJudUk5UU0vZkdUYVNkR2loNXQvOU5BcTcxamtZT0RLMVhTSWhNencwbEZpamFrQXhQSHZiUEs3NENBawpqcXlRZ2VwUko4MitRNWd6Ymw4Q0F3RUFBYU5DTUVBd0RnWURWUjBQQVFIL0JBUURBZ0trTUE4R0ExVWRFd0VCCi93UUZNQU1CQWY4d0hRWURWUjBPQkJZRUZHMWRCV05nVUFBVDJjNGNoaDlTMTQrRTY3dGxNQTBHQ1NxR1NJYjMKRFFFQkN3VUFBNElCQVFDSlNzRmNJNXoxd3lqUWp5QnNqd0hIM2FyWWhBaHc4aWdHUFlMZEFlK0ZQbTJURVVOdgpSY3pja1V3M0hlWEd1STlyMnVUUW9TY29KbUxoSDMrc21ERUxJK2M0cDl6bkM4Z0YrNTQ1ZGo1dlFvU2lBZERkCjZXK0taOGo2RWl1RGxWN1RxLzE4V3p2Z1ZCdHpMbnpJeFJSYzc5Nk4waG9YcnQ0YlAyeG1iUEM0SDljbWM5WjQKNnhJT2k2MHlkMFVrdnVVNDdFSlNlT0N1ejJxYnZCOGlDamhvVlQ2THdYL0hmdGlnaVJqQ05udklHOXZwRjJmeQpycWE4amYwSURLY3NQWCswNDhBdTc3QVpRYzFCRnpIbnRlMHlPd0k3Q0c3K2I3UHNLK004b2VWaXNhTDVacFluCitsV2o2allQTi94WERCdVFLWXhqTDdRUjl3OXJkMmx6WEZOWAotLS0tLUVORCBDRVJUSUZJQ0FURS0tLS0tCg==\n    server: https://422b8129-5381-4b2e-8fe7-e3316f9a12b0.api.k8s.nl-ams.scw.cloud:6443\ncontexts:\n- name: admin@captain\n  context:\n    cluster: \"captain\"\n    user: captain-admin\ncurrent-context: admin@captain\nkind: Config\npreferences: {}\nusers:\n- name: captain-admin\n  user:\n    token: 3wAgKqChtHh6J4djx8UOWq3ZEIoswgTzxL6RulNybWyBCVMZTPgOTlY8",
                "host": "https://422b8129-5381-4b2e-8fe7-e3316f9a12b0.api.k8s.nl-ams.scw.cloud:6443",
                "token": "3wAgKqChtHh6J4djx8UOWq3ZEIoswgTzxL6RulNybWyBCVMZTPgOTlY8"
              }
            ],
            "name": "captain",
            "open_id_connect_config": [
              {
                "client_id": "",
                "groups_claim": [],
                "groups_prefix": "",
                "issuer_url": "",
                "required_claim": [],
                "username_claim": "",
                "username_prefix": ""
              }
            ],
            "organization_id": "0311faaa-17f6-4da9-9847-149947d15cce",
            "project_id": "23f6e5f6-cf00-40fc-b6a6-ff8071cc36bb",
            "region": "nl-ams",
            "status": "ready",
            "tags": [
              "gitops",
              "testing"
            ],
            "timeouts": null,
            "updated_at": "2021-07-18T14:11:16Z",
            "upgrade_available": false,
            "version": "1.21.1",
            "wildcard_dns": "*.422b8129-5381-4b2e-8fe7-e3316f9a12b0.nodes.k8s.nl-ams.scw.cloud"
          },
          "sensitive_attributes": [],
          "private": "eyJlMmJmYjczMC1lY2FhLTExZTYtOGY4OC0zNDM2M2JjN2M0YzAiOnsiY3JlYXRlIjo2MDAwMDAwMDAwMDAsImRlZmF1bHQiOjYwMDAwMDAwMDAwMCwiZGVsZXRlIjo2MDAwMDAwMDAwMDAsInJlYWQiOjYwMDAwMDAwMDAwMCwidXBkYXRlIjo2MDAwMDAwMDAwMDB9fQ=="
        }
      ]
    },
    {
      "mode": "managed",
      "type": "scaleway_k8s_pool",
      "name": "crew",
      "provider": "provider[\"registry.terraform.io/scaleway/scaleway\"]",
      "instances": [
        {
          "schema_version": 0,
          "attributes": {
            "autohealing": true,
            "autoscaling": true,
            "cluster_id": "nl-ams/422b8129-5381-4b2e-8fe7-e3316f9a12b0",
            "container_runtime": "containerd",
            "created_at": "2021-07-18T14:06:51Z",
            "current_size": 1,
            "id": "nl-ams/55b94326-84ab-4525-bd70-0d151e90d8b9",
            "kubelet_args": {},
            "max_size": 3,
            "min_size": 1,
            "name": "crew",
            "node_type": "dev1_m",
            "nodes": [
              {
                "name": "scw-captain-crew-9c86ae4ed4504508a5e8bb0892297",
                "public_ip": "",
                "public_ip_v6": "",
                "status": "creating"
              }
            ],
            "placement_group_id": null,
            "region": null,
            "size": 1,
            "status": "scaling",
            "tags": [
              "gitops",
              "testing"
            ],
            "timeouts": null,
            "updated_at": "2021-07-18T14:11:20Z",
            "upgrade_policy": [
              {
                "max_surge": 0,
                "max_unavailable": 1
              }
            ],
            "version": "1.21.1",
            "wait_for_pool_ready": false,
            "zone": "nl-ams-1"
          },
          "sensitive_attributes": [],
          "private": "eyJlMmJmYjczMC1lY2FhLTExZTYtOGY4OC0zNDM2M2JjN2M0YzAiOnsiY3JlYXRlIjo2MDAwMDAwMDAwMDAsImRlZmF1bHQiOjYwMDAwMDAwMDAwMCwiZGVsZXRlIjo2MDAwMDAwMDAwMDAsInJlYWQiOjYwMDAwMDAwMDAwMCwidXBkYXRlIjo2MDAwMDAwMDAwMDB9fQ==",
          "dependencies": [
            "scaleway_k8s_cluster.captain"
          ]
        }
      ]
    }
  ]
}
